
Microsoft Visual Studio Solution File, Format Version 12.00
# Visual Studio Version 17
VisualStudioVersion = 17.4.33213.308
MinimumVisualStudioVersion = 10.0.40219.1
Project("{FAE04EC0-301F-11D3-BF4B-00C04F79EFBC}") = "BulkyBookWeb", "BulkyBookWeb\BulkyBookWeb.csproj", "{6E9BA0C8-E730-41CE-AFEE-267D94C17008}"
EndProject
Global
	GlobalSection(SolutionConfigurationPlatforms) = preSolution
		Debug|Any CPU = Debug|Any CPU
		Release|Any CPU = Release|Any CPU
	EndGlobalSection
	GlobalSection(ProjectConfigurationPlatforms) = postSolution
		{6E9BA0C8-E730-41CE-AFEE-267D94C17008}.Debug|Any CPU.ActiveCfg = Debug|Any CPU
		{6E9BA0C8-E730-41CE-AFEE-267D94C17008}.Debug|Any CPU.Build.0 = Debug|Any CPU
		{6E9BA0C8-E730-41CE-AFEE-267D94C17008}.Release|Any CPU.ActiveCfg = Release|Any CPU
		{6E9BA0C8-E730-41CE-AFEE-267D94C17008}.Release|Any CPU.Build.0 = Release|Any CPU
	EndGlobalSection
	GlobalSection(SolutionProperties) = preSolution
		HideSolutionNode = FALSE
	EndGlobalSection
	GlobalSection(ExtensibilityGlobals) = postSolution
		SolutionGuid = {CD880254-048D-4BA6-9D74-3AB5D47744B4}
	EndGlobalSection
EndGlobal
